
Microsoft Visual Studio Solution File, Format Version 12.00
# Visual Studio Version 17
VisualStudioVersion = 17.4.33110.190
MinimumVisualStudioVersion = 10.0.40219.1
Project("{FAE04EC0-301F-11D3-BF4B-00C04F79EFBC}") = "Question11", "Question11\Question11.csproj", "{BBDAA4BB-D265-4EB1-B34D-6361E947EA16}"
EndProject
Global
	GlobalSection(SolutionConfigurationPlatforms) = preSolution
		Debug|Any CPU = Debug|Any CPU
		Release|Any CPU = Release|Any CPU
	EndGlobalSection
	GlobalSection(ProjectConfigurationPlatforms) = postSolution
		{BBDAA4BB-D265-4EB1-B34D-6361E947EA16}.Debug|Any CPU.ActiveCfg = Debug|Any CPU
		{BBDAA4BB-D265-4EB1-B34D-6361E947EA16}.Debug|Any CPU.Build.0 = Debug|Any CPU
		{BBDAA4BB-D265-4EB1-B34D-6361E947EA16}.Release|Any CPU.ActiveCfg = Release|Any CPU
		{BBDAA4BB-D265-4EB1-B34D-6361E947EA16}.Release|Any CPU.Build.0 = Release|Any CPU
	EndGlobalSection
	GlobalSection(SolutionProperties) = preSolution
		HideSolutionNode = FALSE
	EndGlobalSection
	GlobalSection(ExtensibilityGlobals) = postSolution
		SolutionGuid = {CEF5D86E-5CEB-4FCC-8D0E-8AB05657E9E5}
	EndGlobalSection
EndGlobal
